
Microsoft Visual Studio Solution File, Format Version 12.00
# Visual Studio 14
VisualStudioVersion = 14.0.25420.1
MinimumVisualStudioVersion = 10.0.40219.1
Project("{FAE04EC0-301F-11D3-BF4B-00C04F79EFBC}") = "MVCActionReturnTypesApp", "MVCActionReturnTypesApp\MVCActionReturnTypesApp.csproj", "{EEB1C50E-EC39-4447-BC31-B9B7854036CB}"
EndProject
Global
	GlobalSection(SolutionConfigurationPlatforms) = preSolution
		Debug|Any CPU = Debug|Any CPU
		Release|Any CPU = Release|Any CPU
	EndGlobalSection
	GlobalSection(ProjectConfigurationPlatforms) = postSolution
		{EEB1C50E-EC39-4447-BC31-B9B7854036CB}.Debug|Any CPU.ActiveCfg = Debug|Any CPU
		{EEB1C50E-EC39-4447-BC31-B9B7854036CB}.Debug|Any CPU.Build.0 = Debug|Any CPU
		{EEB1C50E-EC39-4447-BC31-B9B7854036CB}.Release|Any CPU.ActiveCfg = Release|Any CPU
		{EEB1C50E-EC39-4447-BC31-B9B7854036CB}.Release|Any CPU.Build.0 = Release|Any CPU
	EndGlobalSection
	GlobalSection(SolutionProperties) = preSolution
		HideSolutionNode = FALSE
	EndGlobalSection
EndGlobal
